<?xml version="1.0" encoding="utf-8"?>
<Project ToolsVersion="4.0" xmlns="http://schemas.microsoft.com/developer/msbuild/2003">
  <ItemGroup>
    <Filter Include="Source Files">
      <UniqueIdentifier>{4FC737F1-C7A5-4376-A066-2A32D752A2FF}</UniqueIdentifier>
      <Extensions>cpp;c;cc;cxx;def;odl;idl;hpj;bat;asm;asmx</Extensions>
    </Filter>
    <Filter Include="Header Files">
      <UniqueIdentifier>{93995380-89BD-4b04-88EB-625FBE52EBFB}</UniqueIdentifier>
      <Extensions>h;hh;hpp;hxx;hm;inl;inc;xsd</Extensions>
    </Filter>
    <Filter Include="Resource Files">
      <UniqueIdentifier>{67DA6AB6-F800-4c08-8B7A-83BB121AAD01}</UniqueIdentifier>
      <Extensions>rc;ico;cur;bmp;dlg;rc2;rct;bin;rgs;gif;jpg;jpeg;jpe;resx;tiff;tif;png;wav;mfcribbon-ms</Extensions>
    </Filter>
  </ItemGroup>
  <ItemGroup>
    <Text Include="ReadMe.txt" />
  </ItemGroup>
  <ItemGroup>
    <ClInclude Include="ChronoBattle.h">
      <Filter>Header Files</Filter>
    </ClInclude>
    <ClInclude Include="ChronoBattleDlg.h">
      <Filter>Header Files</Filter>
    </ClInclude>
    <ClInclude Include="stdafx.h">
      <Filter>Header Files</Filter>
    </ClInclude>
    <ClInclude Include="targetver.h">
      <Filter>Header Files</Filter>
    </ClInclude>
    <ClInclude Include="Resource.h">
      <Filter>Header Files</Filter>
    </ClInclude>
    <ClInclude Include="Fight.h">
      <Filter>Header Files</Filter>
    </ClInclude>
    <ClInclude Include="Stats.h">
      <Filter>Header Files</Filter>
    </ClInclude>
    <ClInclude Include="unit.h">
      <Filter>Header Files</Filter>
    </ClInclude>
    <ClInclude Include="hero.h">
      <Filter>Header Files</Filter>
    </ClInclude>
    <ClInclude Include="orc.h">
      <Filter>Header Files</Filter>
    </ClInclude>
    <ClInclude Include="Conclusions.h">
      <Filter>Header Files</Filter>
    </ClInclude>
    <ClInclude Include="sp_attacks.h">
      <Filter>Header Files</Filter>
    </ClInclude>
    <ClInclude Include="enemy.h">
      <Filter>Header Files</Filter>
    </ClInclude>
    <ClInclude Include="Header.h">
      <Filter>Header Files</Filter>
    </ClInclude>
    <ClInclude Include="archer.h">
      <Filter>Header Files</Filter>
    </ClInclude>
    <ClInclude Include="paladin.h">
      <Filter>Header Files</Filter>
    </ClInclude>
    <ClInclude Include="Wizard.h">
      <Filter>Header Files</Filter>
    </ClInclude>
    <ClInclude Include="goblin.h">
      <Filter>Header Files</Filter>
    </ClInclude>
    <ClInclude Include="vampire.h">
      <Filter>Header Files</Filter>
    </ClInclude>
    <ClInclude Include="Save.h">
      <Filter>Header Files</Filter>
    </ClInclude>
    <ClInclude Include="Load.h">
      <Filter>Header Files</Filter>
    </ClInclude>
    <ClInclude Include="wolf.h">
      <Filter>Header Files</Filter>
    </ClInclude>
    <ClInclude Include="cthulhu.h">
      <Filter>Header Files</Filter>
    </ClInclude>
    <ClInclude Include="zombie_warrior.h">
      <Filter>Header Files</Filter>
    </ClInclude>
    <ClInclude Include="dragon.h">
      <Filter>Header Files</Filter>
    </ClInclude>
    <ClInclude Include="demon.h">
      <Filter>Header Files</Filter>
    </ClInclude>
    <ClInclude Include="metal_golem.h">
      <Filter>Header Files</Filter>
    </ClInclude>
    <ClInclude Include="berserker.h">
      <Filter>Header Files</Filter>
    </ClInclude>
    <ClInclude Include="CustomEnemyDLG.h">
      <Filter>Header Files</Filter>
    </ClInclude>
  </ItemGroup>
  <ItemGroup>
    <ClCompile Include="ChronoBattle.cpp">
      <Filter>Source Files</Filter>
    </ClCompile>
    <ClCompile Include="ChronoBattleDlg.cpp">
      <Filter>Source Files</Filter>
    </ClCompile>
    <ClCompile Include="stdafx.cpp">
      <Filter>Source Files</Filter>
    </ClCompile>
    <ClCompile Include="Fight.cpp">
      <Filter>Source Files</Filter>
    </ClCompile>
    <ClCompile Include="Stats.cpp">
      <Filter>Source Files</Filter>
    </ClCompile>
    <ClCompile Include="unit.cpp">
      <Filter>Source Files</Filter>
    </ClCompile>
    <ClCompile Include="hero.cpp">
      <Filter>Source Files</Filter>
    </ClCompile>
    <ClCompile Include="orc.cpp">
      <Filter>Source Files</Filter>
    </ClCompile>
    <ClCompile Include="Conclusions.cpp">
      <Filter>Source Files</Filter>
    </ClCompile>
    <ClCompile Include="sp_attacks.cpp">
      <Filter>Source Files</Filter>
    </ClCompile>
    <ClCompile Include="enemy.cpp">
      <Filter>Source Files</Filter>
    </ClCompile>
    <ClCompile Include="archer.cpp">
      <Filter>Source Files</Filter>
    </ClCompile>
    <ClCompile Include="paladin.cpp">
      <Filter>Source Files</Filter>
    </ClCompile>
    <ClCompile Include="Wizard.cpp">
      <Filter>Source Files</Filter>
    </ClCompile>
    <ClCompile Include="goblin.cpp">
      <Filter>Source Files</Filter>
    </ClCompile>
    <ClCompile Include="vampire.cpp">
      <Filter>Source Files</Filter>
    </ClCompile>
    <ClCompile Include="Save.cpp">
      <Filter>Source Files</Filter>
    </ClCompile>
    <ClCompile Include="Load.cpp">
      <Filter>Source Files</Filter>
    </ClCompile>
    <ClCompile Include="wolf.cpp">
      <Filter>Source Files</Filter>
    </ClCompile>
    <ClCompile Include="cthulhu.cpp">
      <Filter>Source Files</Filter>
    </ClCompile>
    <ClCompile Include="zombie_warrior.cpp">
      <Filter>Source Files</Filter>
    </ClCompile>
    <ClCompile Include="dragon.cpp">
      <Filter>Source Files</Filter>
    </ClCompile>
    <ClCompile Include="demon.cpp">
      <Filter>Source Files</Filter>
    </ClCompile>
    <ClCompile Include="metal_golem.cpp">
      <Filter>Source Files</Filter>
    </ClCompile>
    <ClCompile Include="berserker.cpp">
      <Filter>Source Files</Filter>
    </ClCompile>
    <ClCompile Include="CustomEnemyDLG.cpp">
      <Filter>Source Files</Filter>
    </ClCompile>
  </ItemGroup>
  <ItemGroup>
    <ResourceCompile Include="ChronoBattle.rc">
      <Filter>Resource Files</Filter>
    </ResourceCompile>
  </ItemGroup>
  <ItemGroup>
    <None Include="res\ChronoBattle.rc2">
      <Filter>Resource Files</Filter>
    </None>
    <None Include="res\cursor1.cur">
      <Filter>Resource Files</Filter>
    </None>
  </ItemGroup>
  <ItemGroup>
    <Image Include="res\ChronoBattle.ico">
      <Filter>Resource Files</Filter>
    </Image>
    <Image Include="..\..\..\Downloads\help.png">
      <Filter>Resource Files</Filter>
    </Image>
    <Image Include="res\orc.bmp">
      <Filter>Resource Files</Filter>
    </Image>
    <Image Include="res\default.bmp">
      <Filter>Resource Files</Filter>
    </Image>
    <Image Include="res\Crono_.bmp">
      <Filter>Resource Files</Filter>
    </Image>
    <Image Include="res\Chronobattlelogo.bmp">
      <Filter>Resource Files</Filter>
    </Image>
    <Image Include="res\bitmap2.bmp">
      <Filter>Resource Files</Filter>
    </Image>
    <Image Include="..\..\Icon.png">
      <Filter>Resource Files</Filter>
    </Image>
    <Image Include="res\bitmap4.bmp">
      <Filter>Resource Files</Filter>
    </Image>
    <Image Include="res\Icon.bmp">
      <Filter>Resource Files</Filter>
    </Image>
  </ItemGroup>
</Project>